
Microsoft Visual Studio Solution File, Format Version 12.00
# Visual Studio Version 17
VisualStudioVersion = 17.2.32516.85
MinimumVisualStudioVersion = 10.0.40219.1
Project("{FAE04EC0-301F-11D3-BF4B-00C04F79EFBC}") = "MLMCluster", "MLMCluster.csproj", "{FE0127B7-AAAB-409A-8C02-E5A3582F71D7}"
EndProject
Global
	GlobalSection(SolutionConfigurationPlatforms) = preSolution
		Debug|Any CPU = Debug|Any CPU
		Release|Any CPU = Release|Any CPU
	EndGlobalSection
	GlobalSection(ProjectConfigurationPlatforms) = postSolution
		{FE0127B7-AAAB-409A-8C02-E5A3582F71D7}.Debug|Any CPU.ActiveCfg = Debug|Any CPU
		{FE0127B7-AAAB-409A-8C02-E5A3582F71D7}.Debug|Any CPU.Build.0 = Debug|Any CPU
		{FE0127B7-AAAB-409A-8C02-E5A3582F71D7}.Release|Any CPU.ActiveCfg = Release|Any CPU
		{FE0127B7-AAAB-409A-8C02-E5A3582F71D7}.Release|Any CPU.Build.0 = Release|Any CPU
	EndGlobalSection
	GlobalSection(SolutionProperties) = preSolution
		HideSolutionNode = FALSE
	EndGlobalSection
	GlobalSection(ExtensibilityGlobals) = postSolution
		SolutionGuid = {9A6DC1C6-B505-4B34-B234-5070A8B78922}
	EndGlobalSection
EndGlobal
